{
  "name": "hash20guac",
  "version": "1.0.0",
  "lockfileVersion": 1,
  "requires": true,
  "dependencies": {
    "@types/node": {
      "version": "11.15.6",
      "resolved": "https://jenkins-001.ukwest.cloudapp.azure.com:443/npm/@types%2fnode/-/node-11.15.6.tgz",
      "integrity": "sha512-QylJmcJXqKCOhx1VE29kKA2wDjzVBQuKzoSJPykpelTmNQX/GAlPXgT1ZiIc6+sL81z66vXbrDexGale/JVIsQ==",
      "dev": true
    },
    "typescript": {
      "version": "3.7.5",
      "resolved": "https://jenkins-001.ukwest.cloudapp.azure.com:443/npm/typescript/-/typescript-3.7.5.tgz",
      "integrity": "sha512-/P5lkRXkWHNAbcJIiHPfRoKqyd7bsyCma1hZNUGfn20qm64T6ZBlrzprymeu918H+mB/0rIg2gGK/BXkhhYgBw=="
    }
  }
}
